
Microsoft Visual Studio Solution File, Format Version 12.00
# Visual Studio Version 16
VisualStudioVersion = 16.0.28922.388
MinimumVisualStudioVersion = 10.0.40219.1
Project("{FAE04EC0-301F-11D3-BF4B-00C04F79EFBC}") = "ticTacToe", "ticTacToe.csproj", "{F20A582D-4B67-43B3-8CA4-A62998875B94}"
EndProject
Global
	GlobalSection(SolutionConfigurationPlatforms) = preSolution
		Debug|Any CPU = Debug|Any CPU
		Release|Any CPU = Release|Any CPU
	EndGlobalSection
	GlobalSection(ProjectConfigurationPlatforms) = postSolution
		{F20A582D-4B67-43B3-8CA4-A62998875B94}.Debug|Any CPU.ActiveCfg = Debug|Any CPU
		{F20A582D-4B67-43B3-8CA4-A62998875B94}.Debug|Any CPU.Build.0 = Debug|Any CPU
		{F20A582D-4B67-43B3-8CA4-A62998875B94}.Release|Any CPU.ActiveCfg = Release|Any CPU
		{F20A582D-4B67-43B3-8CA4-A62998875B94}.Release|Any CPU.Build.0 = Release|Any CPU
	EndGlobalSection
	GlobalSection(SolutionProperties) = preSolution
		HideSolutionNode = FALSE
	EndGlobalSection
	GlobalSection(ExtensibilityGlobals) = postSolution
		SolutionGuid = {655A2257-DC67-4BAB-A58A-15445A52B260}
	EndGlobalSection
EndGlobal
